
Microsoft Visual Studio Solution File, Format Version 12.00
# Visual Studio Version 17
VisualStudioVersion = 17.8.34525.116
MinimumVisualStudioVersion = 10.0.40219.1
Project("{FAE04EC0-301F-11D3-BF4B-00C04F79EFBC}") = "CarRealte", "CarRealte\CarRealte.csproj", "{F5966428-4632-4434-8F5C-25F64EC5EF20}"
EndProject
Global
	GlobalSection(SolutionConfigurationPlatforms) = preSolution
		Debug|Any CPU = Debug|Any CPU
		Release|Any CPU = Release|Any CPU
	EndGlobalSection
	GlobalSection(ProjectConfigurationPlatforms) = postSolution
		{F5966428-4632-4434-8F5C-25F64EC5EF20}.Debug|Any CPU.ActiveCfg = Debug|Any CPU
		{F5966428-4632-4434-8F5C-25F64EC5EF20}.Debug|Any CPU.Build.0 = Debug|Any CPU
		{F5966428-4632-4434-8F5C-25F64EC5EF20}.Release|Any CPU.ActiveCfg = Release|Any CPU
		{F5966428-4632-4434-8F5C-25F64EC5EF20}.Release|Any CPU.Build.0 = Release|Any CPU
	EndGlobalSection
	GlobalSection(SolutionProperties) = preSolution
		HideSolutionNode = FALSE
	EndGlobalSection
	GlobalSection(ExtensibilityGlobals) = postSolution
		SolutionGuid = {F7C0EC80-701D-4D96-BB3B-A315B6E59B9B}
	EndGlobalSection
EndGlobal
